// !$*UTF8*$!
{
	archiveVersion = 1;
	classes = {
	};
	objectVersion = 46;
	objects = {

/* Begin PBXBuildFile section */
		F4015D19169CB3C000560296 /* SBConfigurationWindowController.h in Headers */ = {isa = PBXBuildFile; fileRef = F4015D16169CB3C000560296 /* SBConfigurationWindowController.h */; };
		F4015D1A169CB3C000560296 /* SBConfigurationWindowController.m in Sources */ = {isa = PBXBuildFile; fileRef = F4015D17169CB3C000560296 /* SBConfigurationWindowController.m */; };
		F4015D1F169CB47D00560296 /* SBUserDefaults+Constants.h in Headers */ = {isa = PBXBuildFile; fileRef = F4015D1D169CB47D00560296 /* SBUserDefaults+Constants.h */; };
		F4015D20169CB47D00560296 /* SBUserDefaults+Constants.m in Sources */ = {isa = PBXBuildFile; fileRef = F4015D1E169CB47D00560296 /* SBUserDefaults+Constants.m */; };
		F40427DF169B76CB00B146F7 /* SaveBollywoodView.m in Sources */ = {isa = PBXBuildFile; fileRef = F40427DE169B76CB00B146F7 /* SaveBollywoodView.m */; };
		F405C93016DC01D700EFDF39 /* SBTokenView.h in Headers */ = {isa = PBXBuildFile; fileRef = F405C92E16DC01D700EFDF39 /* SBTokenView.h */; };
		F405C93116DC01D700EFDF39 /* SBTokenView.m in Sources */ = {isa = PBXBuildFile; fileRef = F405C92F16DC01D700EFDF39 /* SBTokenView.m */; };
		F4066EA7170760EA00EBE7D0 /* thumbnail.png in Resources */ = {isa = PBXBuildFile; fileRef = F4066EA5170760EA00EBE7D0 /* thumbnail.png */; };
		F4066EA8170760EA00EBE7D0 /* thumbnail@2x.png in Resources */ = {isa = PBXBuildFile; fileRef = F4066EA6170760EA00EBE7D0 /* thumbnail@2x.png */; };
		F40B998B16AB1F6200644F61 /* NSColor+String.h in Headers */ = {isa = PBXBuildFile; fileRef = F40B998916AB1F6200644F61 /* NSColor+String.h */; };
		F40B998C16AB1F6200644F61 /* NSColor+String.m in Sources */ = {isa = PBXBuildFile; fileRef = F40B998A16AB1F6200644F61 /* NSColor+String.m */; };
		F434961B16B701B500C549DF /* Localized.strings in Resources */ = {isa = PBXBuildFile; fileRef = F434961916B701B500C549DF /* Localized.strings */; };
		F44979572B53010100A1558A /* Cocoa.framework in Frameworks */ = {isa = PBXBuildFile; fileRef = F44979562B53010100A1558A /* Cocoa.framework */; };
		F44979592B53010B00A1558A /* ScreenSaver.framework in Frameworks */ = {isa = PBXBuildFile; fileRef = F44979582B53010B00A1558A /* ScreenSaver.framework */; };
		F449795B2B53011B00A1558A /* AVFoundation.framework in Frameworks */ = {isa = PBXBuildFile; fileRef = F449795A2B53011B00A1558A /* AVFoundation.framework */; };
		F449795D2B53017B00A1558A /* CoreMedia.framework in Frameworks */ = {isa = PBXBuildFile; fileRef = F449795C2B53017B00A1558A /* CoreMedia.framework */; };
		F449795F2B5301B200A1558A /* QuartzCore.framework in Frameworks */ = {isa = PBXBuildFile; fileRef = F449795E2B5301B200A1558A /* QuartzCore.framework */; };
		F45A65182117329400E5A4D4 /* SBPlayingAssetsRegister.h in Headers */ = {isa = PBXBuildFile; fileRef = F45A65162117329400E5A4D4 /* SBPlayingAssetsRegister.h */; };
		F45A65192117329400E5A4D4 /* SBPlayingAssetsRegister.m in Sources */ = {isa = PBXBuildFile; fileRef = F45A65172117329400E5A4D4 /* SBPlayingAssetsRegister.m */; };
		F4875FC5211A50F1007D8759 /* SBView.h in Headers */ = {isa = PBXBuildFile; fileRef = F4875FC3211A50F1007D8759 /* SBView.h */; };
		F4875FC6211A50F1007D8759 /* SBView.m in Sources */ = {isa = PBXBuildFile; fileRef = F4875FC4211A50F1007D8759 /* SBView.m */; };
		F4AB34BE16BED1CF00015DB9 /* SBAssetTableCellView.h in Headers */ = {isa = PBXBuildFile; fileRef = F4AB34BC16BED1CF00015DB9 /* SBAssetTableCellView.h */; };
		F4AB34BF16BED1CF00015DB9 /* SBAssetTableCellView.m in Sources */ = {isa = PBXBuildFile; fileRef = F4AB34BD16BED1CF00015DB9 /* SBAssetTableCellView.m */; };
		F4B3933316ED43C40061B52E /* SBSlider.h in Headers */ = {isa = PBXBuildFile; fileRef = F4B3933116ED43C40061B52E /* SBSlider.h */; };
		F4B3933416ED43C40061B52E /* SBSlider.m in Sources */ = {isa = PBXBuildFile; fileRef = F4B3933216ED43C40061B52E /* SBSlider.m */; };
		F4B4F906218510FF00C23130 /* SBSettings.h in Headers */ = {isa = PBXBuildFile; fileRef = F4B4F904218510FF00C23130 /* SBSettings.h */; };
		F4B4F907218510FF00C23130 /* SBSettings.m in Sources */ = {isa = PBXBuildFile; fileRef = F4B4F905218510FF00C23130 /* SBSettings.m */; };
		5B00000126C0000000000003 /* SBAssetAccess.h in Headers */ = {isa = PBXBuildFile; fileRef = 5B00000126C0000000000001 /* SBAssetAccess.h */; };
		5B00000126C0000000000004 /* SBAssetAccess.m in Sources */ = {isa = PBXBuildFile; fileRef = 5B00000126C0000000000002 /* SBAssetAccess.m */; };
		F4B9BCEE16D54A8B00051854 /* NSIndexSet+Analysis.h in Headers */ = {isa = PBXBuildFile; fileRef = F4B9BCEC16D54A8B00051854 /* NSIndexSet+Analysis.h */; };
		F4B9BCEF16D54A8B00051854 /* NSIndexSet+Analysis.m in Sources */ = {isa = PBXBuildFile; fileRef = F4B9BCED16D54A8B00051854 /* NSIndexSet+Analysis.m */; };
		F4BB43A516BD387100443067 /* SBSecondaryBox.h in Headers */ = {isa = PBXBuildFile; fileRef = F4BB43A316BD387100443067 /* SBSecondaryBox.h */; };
		F4BB43A616BD387100443067 /* SBSecondaryBox.m in Sources */ = {isa = PBXBuildFile; fileRef = F4BB43A416BD387100443067 /* SBSecondaryBox.m */; };
		F4BB43B116BD3A9B00443067 /* SBLightGrayBackgroundView.h in Headers */ = {isa = PBXBuildFile; fileRef = F4BB43AF16BD3A9B00443067 /* SBLightGrayBackgroundView.h */; };
		F4BB43B216BD3A9B00443067 /* SBLightGrayBackgroundView.m in Sources */ = {isa = PBXBuildFile; fileRef = F4BB43B016BD3A9B00443067 /* SBLightGrayBackgroundView.m */; };
		F4BC1E3816B4936200A580F9 /* NSArray+Shuffle.h in Headers */ = {isa = PBXBuildFile; fileRef = F4BC1E3616B4936200A580F9 /* NSArray+Shuffle.h */; };
		F4BC1E3916B4936200A580F9 /* NSArray+Shuffle.m in Sources */ = {isa = PBXBuildFile; fileRef = F4BC1E3716B4936200A580F9 /* NSArray+Shuffle.m */; };
		F4DD2AA016FDBF30002A555F /* SBConfigurationWindowController.xib in Resources */ = {isa = PBXBuildFile; fileRef = F4DD2A9D16FDBF30002A555F /* SBConfigurationWindowController.xib */; };
		F4DD2AA516FDBF73002A555F /* SBAboutBoxWindowController.xib in Resources */ = {isa = PBXBuildFile; fileRef = F4DD2AA416FDBF73002A555F /* SBAboutBoxWindowController.xib */; };
		F4EF51BC16FA281500D1A5C6 /* SBAboutBoxWindowController.h in Headers */ = {isa = PBXBuildFile; fileRef = F4EF51B916FA281500D1A5C6 /* SBAboutBoxWindowController.h */; };
		F4EF51BD16FA281500D1A5C6 /* SBAboutBoxWindowController.m in Sources */ = {isa = PBXBuildFile; fileRef = F4EF51BA16FA281500D1A5C6 /* SBAboutBoxWindowController.m */; };
/* End PBXBuildFile section */

/* Begin PBXFileReference section */
		F4015D16169CB3C000560296 /* SBConfigurationWindowController.h */ = {isa = PBXFileReference; fileEncoding = 4; lastKnownFileType = sourcecode.c.h; path = SBConfigurationWindowController.h; sourceTree = "<group>"; };
		F4015D17169CB3C000560296 /* SBConfigurationWindowController.m */ = {isa = PBXFileReference; fileEncoding = 4; lastKnownFileType = sourcecode.c.objc; path = SBConfigurationWindowController.m; sourceTree = "<group>"; };
		F4015D1D169CB47D00560296 /* SBUserDefaults+Constants.h */ = {isa = PBXFileReference; fileEncoding = 4; lastKnownFileType = sourcecode.c.h; path = "SBUserDefaults+Constants.h"; sourceTree = "<group>"; };
		F4015D1E169CB47D00560296 /* SBUserDefaults+Constants.m */ = {isa = PBXFileReference; fileEncoding = 4; lastKnownFileType = sourcecode.c.objc; path = "SBUserDefaults+Constants.m"; sourceTree = "<group>"; };
		F40427CB169B76CB00B146F7 /* SaveBollywood.saver */ = {isa = PBXFileReference; explicitFileType = wrapper.cfbundle; includeInIndex = 0; path = SaveBollywood.saver; sourceTree = BUILT_PRODUCTS_DIR; };
		F40427D8169B76CB00B146F7 /* SaveBollywood-Info.plist */ = {isa = PBXFileReference; lastKnownFileType = text.plist.xml; path = "SaveBollywood-Info.plist"; sourceTree = "<group>"; };
		F40427DC169B76CB00B146F7 /* SaveBollywood-Prefix.pch */ = {isa = PBXFileReference; lastKnownFileType = sourcecode.c.h; path = "SaveBollywood-Prefix.pch"; sourceTree = "<group>"; };
		F40427DD169B76CB00B146F7 /* SaveBollywoodView.h */ = {isa = PBXFileReference; lastKnownFileType = sourcecode.c.h; path = SaveBollywoodView.h; sourceTree = "<group>"; };
		F40427DE169B76CB00B146F7 /* SaveBollywoodView.m */ = {isa = PBXFileReference; lastKnownFileType = sourcecode.c.objc; path = SaveBollywoodView.m; sourceTree = "<group>"; };
		F405C92E16DC01D700EFDF39 /* SBTokenView.h */ = {isa = PBXFileReference; fileEncoding = 4; lastKnownFileType = sourcecode.c.h; path = SBTokenView.h; sourceTree = "<group>"; };
		F405C92F16DC01D700EFDF39 /* SBTokenView.m */ = {isa = PBXFileReference; fileEncoding = 4; lastKnownFileType = sourcecode.c.objc; path = SBTokenView.m; sourceTree = "<group>"; };
		F4066EA5170760EA00EBE7D0 /* thumbnail.png */ = {isa = PBXFileReference; lastKnownFileType = image.png; path = thumbnail.png; sourceTree = "<group>"; };
		F4066EA6170760EA00EBE7D0 /* thumbnail@2x.png */ = {isa = PBXFileReference; lastKnownFileType = image.png; path = "thumbnail@2x.png"; sourceTree = "<group>"; };
		F40B998916AB1F6200644F61 /* NSColor+String.h */ = {isa = PBXFileReference; fileEncoding = 4; lastKnownFileType = sourcecode.c.h; path = "NSColor+String.h"; sourceTree = "<group>"; };
		F40B998A16AB1F6200644F61 /* NSColor+String.m */ = {isa = PBXFileReference; fileEncoding = 4; lastKnownFileType = sourcecode.c.objc; path = "NSColor+String.m"; sourceTree = "<group>"; };
		F4121CCC16FD06200059A794 /* fr */ = {isa = PBXFileReference; lastKnownFileType = text.plist.strings; name = fr; path = fr.lproj/Localized.strings; sourceTree = "<group>"; };
		F434961A16B701B500C549DF /* en */ = {isa = PBXFileReference; lastKnownFileType = text.plist.strings; name = en; path = en.lproj/Localized.strings; sourceTree = "<group>"; };
		F44979562B53010100A1558A /* Cocoa.framework */ = {isa = PBXFileReference; lastKnownFileType = wrapper.framework; name = Cocoa.framework; path = System/Library/Frameworks/Cocoa.framework; sourceTree = SDKROOT; };
		F44979582B53010B00A1558A /* ScreenSaver.framework */ = {isa = PBXFileReference; lastKnownFileType = wrapper.framework; name = ScreenSaver.framework; path = System/Library/Frameworks/ScreenSaver.framework; sourceTree = SDKROOT; };
		F449795A2B53011B00A1558A /* AVFoundation.framework */ = {isa = PBXFileReference; lastKnownFileType = wrapper.framework; name = AVFoundation.framework; path = System/Library/Frameworks/AVFoundation.framework; sourceTree = SDKROOT; };
		F449795C2B53017B00A1558A /* CoreMedia.framework */ = {isa = PBXFileReference; lastKnownFileType = wrapper.framework; name = CoreMedia.framework; path = System/Library/Frameworks/CoreMedia.framework; sourceTree = SDKROOT; };
		F449795E2B5301B200A1558A /* QuartzCore.framework */ = {isa = PBXFileReference; lastKnownFileType = wrapper.framework; name = QuartzCore.framework; path = System/Library/Frameworks/QuartzCore.framework; sourceTree = SDKROOT; };
		F45A65162117329400E5A4D4 /* SBPlayingAssetsRegister.h */ = {isa = PBXFileReference; fileEncoding = 4; lastKnownFileType = sourcecode.c.h; path = SBPlayingAssetsRegister.h; sourceTree = "<group>"; };
		F45A65172117329400E5A4D4 /* SBPlayingAssetsRegister.m */ = {isa = PBXFileReference; fileEncoding = 4; lastKnownFileType = sourcecode.c.objc; path = SBPlayingAssetsRegister.m; sourceTree = "<group>"; };
		F4875FC3211A50F1007D8759 /* SBView.h */ = {isa = PBXFileReference; fileEncoding = 4; lastKnownFileType = sourcecode.c.h; path = SBView.h; sourceTree = "<group>"; };
		F4875FC4211A50F1007D8759 /* SBView.m */ = {isa = PBXFileReference; fileEncoding = 4; lastKnownFileType = sourcecode.c.objc; path = SBView.m; sourceTree = "<group>"; };
		F4AB34BC16BED1CF00015DB9 /* SBAssetTableCellView.h */ = {isa = PBXFileReference; fileEncoding = 4; lastKnownFileType = sourcecode.c.h; path = SBAssetTableCellView.h; sourceTree = "<group>"; };
		F4AB34BD16BED1CF00015DB9 /* SBAssetTableCellView.m */ = {isa = PBXFileReference; fileEncoding = 4; lastKnownFileType = sourcecode.c.objc; path = SBAssetTableCellView.m; sourceTree = "<group>"; };
		F4B3933116ED43C40061B52E /* SBSlider.h */ = {isa = PBXFileReference; fileEncoding = 4; lastKnownFileType = sourcecode.c.h; path = SBSlider.h; sourceTree = "<group>"; };
		F4B3933216ED43C40061B52E /* SBSlider.m */ = {isa = PBXFileReference; fileEncoding = 4; lastKnownFileType = sourcecode.c.objc; path = SBSlider.m; sourceTree = "<group>"; };
		F4B4F904218510FF00C23130 /* SBSettings.h */ = {isa = PBXFileReference; fileEncoding = 4; lastKnownFileType = sourcecode.c.h; path = SBSettings.h; sourceTree = "<group>"; };
		F4B4F905218510FF00C23130 /* SBSettings.m */ = {isa = PBXFileReference; fileEncoding = 4; lastKnownFileType = sourcecode.c.objc; path = SBSettings.m; sourceTree = "<group>"; };
		5B00000126C0000000000001 /* SBAssetAccess.h */ = {isa = PBXFileReference; fileEncoding = 4; lastKnownFileType = sourcecode.c.h; path = SBAssetAccess.h; sourceTree = "<group>"; };
		5B00000126C0000000000002 /* SBAssetAccess.m */ = {isa = PBXFileReference; fileEncoding = 4; lastKnownFileType = sourcecode.c.objc; path = SBAssetAccess.m; sourceTree = "<group>"; };
		F4B9BCEC16D54A8B00051854 /* NSIndexSet+Analysis.h */ = {isa = PBXFileReference; fileEncoding = 4; lastKnownFileType = sourcecode.c.h; path = "NSIndexSet+Analysis.h"; sourceTree = "<group>"; };
		F4B9BCED16D54A8B00051854 /* NSIndexSet+Analysis.m */ = {isa = PBXFileReference; fileEncoding = 4; lastKnownFileType = sourcecode.c.objc; path = "NSIndexSet+Analysis.m"; sourceTree = "<group>"; };
		F4BB43A316BD387100443067 /* SBSecondaryBox.h */ = {isa = PBXFileReference; fileEncoding = 4; lastKnownFileType = sourcecode.c.h; path = SBSecondaryBox.h; sourceTree = "<group>"; };
		F4BB43A416BD387100443067 /* SBSecondaryBox.m */ = {isa = PBXFileReference; fileEncoding = 4; lastKnownFileType = sourcecode.c.objc; path = SBSecondaryBox.m; sourceTree = "<group>"; };
		F4BB43AF16BD3A9B00443067 /* SBLightGrayBackgroundView.h */ = {isa = PBXFileReference; fileEncoding = 4; lastKnownFileType = sourcecode.c.h; path = SBLightGrayBackgroundView.h; sourceTree = "<group>"; };
		F4BB43B016BD3A9B00443067 /* SBLightGrayBackgroundView.m */ = {isa = PBXFileReference; fileEncoding = 4; lastKnownFileType = sourcecode.c.objc; path = SBLightGrayBackgroundView.m; sourceTree = "<group>"; };
		F4BC1E3616B4936200A580F9 /* NSArray+Shuffle.h */ = {isa = PBXFileReference; fileEncoding = 4; lastKnownFileType = sourcecode.c.h; path = "NSArray+Shuffle.h"; sourceTree = "<group>"; };
		F4BC1E3716B4936200A580F9 /* NSArray+Shuffle.m */ = {isa = PBXFileReference; fileEncoding = 4; lastKnownFileType = sourcecode.c.objc; path = "NSArray+Shuffle.m"; sourceTree = "<group>"; };
		F4DD2A9E16FDBF30002A555F /* en */ = {isa = PBXFileReference; lastKnownFileType = file.xib; name = en; path = en.lproj/SBConfigurationWindowController.xib; sourceTree = "<group>"; };
		F4DD2AA216FDBF48002A555F /* fr */ = {isa = PBXFileReference; lastKnownFileType = file.xib; name = fr; path = fr.lproj/SBConfigurationWindowController.xib; sourceTree = "<group>"; };
		F4DD2AA416FDBF73002A555F /* SBAboutBoxWindowController.xib */ = {isa = PBXFileReference; fileEncoding = 4; lastKnownFileType = file.xib; path = SBAboutBoxWindowController.xib; sourceTree = "<group>"; };
		F4EF51B916FA281500D1A5C6 /* SBAboutBoxWindowController.h */ = {isa = PBXFileReference; fileEncoding = 4; lastKnownFileType = sourcecode.c.h; path = SBAboutBoxWindowController.h; sourceTree = "<group>"; };
		F4EF51BA16FA281500D1A5C6 /* SBAboutBoxWindowController.m */ = {isa = PBXFileReference; fileEncoding = 4; lastKnownFileType = sourcecode.c.objc; path = SBAboutBoxWindowController.m; sourceTree = "<group>"; };
/* End PBXFileReference section */

/* Begin PBXFrameworksBuildPhase section */
		F40427C6169B76CB00B146F7 /* Frameworks */ = {
			isa = PBXFrameworksBuildPhase;
			buildActionMask = 2147483647;
			files = (
				F449795F2B5301B200A1558A /* QuartzCore.framework in Frameworks */,
				F449795D2B53017B00A1558A /* CoreMedia.framework in Frameworks */,
				F449795B2B53011B00A1558A /* AVFoundation.framework in Frameworks */,
				F44979592B53010B00A1558A /* ScreenSaver.framework in Frameworks */,
				F44979572B53010100A1558A /* Cocoa.framework in Frameworks */,
			);
			runOnlyForDeploymentPostprocessing = 0;
		};
/* End PBXFrameworksBuildPhase section */

/* Begin PBXGroup section */
		F40427BE169B76CB00B146F7 = {
			isa = PBXGroup;
			children = (
				F40427D6169B76CB00B146F7 /* SaveBollywood */,
				F40427CD169B76CB00B146F7 /* Frameworks */,
				F40427CC169B76CB00B146F7 /* Products */,
			);
			sourceTree = "<group>";
		};
		F40427CC169B76CB00B146F7 /* Products */ = {
			isa = PBXGroup;
			children = (
				F40427CB169B76CB00B146F7 /* SaveBollywood.saver */,
			);
			name = Products;
			sourceTree = "<group>";
		};
		F40427CD169B76CB00B146F7 /* Frameworks */ = {
			isa = PBXGroup;
			children = (
				F449795E2B5301B200A1558A /* QuartzCore.framework */,
				F449795C2B53017B00A1558A /* CoreMedia.framework */,
				F449795A2B53011B00A1558A /* AVFoundation.framework */,
				F44979582B53010B00A1558A /* ScreenSaver.framework */,
				F44979562B53010100A1558A /* Cocoa.framework */,
			);
			name = Frameworks;
			sourceTree = "<group>";
		};
		F40427D6169B76CB00B146F7 /* SaveBollywood */ = {
			isa = PBXGroup;
			children = (
				F40B998916AB1F6200644F61 /* NSColor+String.h */,
				F40B998A16AB1F6200644F61 /* NSColor+String.m */,
				F4B9BCEC16D54A8B00051854 /* NSIndexSet+Analysis.h */,
				F4B9BCED16D54A8B00051854 /* NSIndexSet+Analysis.m */,
				F4BC1E3616B4936200A580F9 /* NSArray+Shuffle.h */,
				F4BC1E3716B4936200A580F9 /* NSArray+Shuffle.m */,
				F4015D1D169CB47D00560296 /* SBUserDefaults+Constants.h */,
				F4015D1E169CB47D00560296 /* SBUserDefaults+Constants.m */,
				F45A65162117329400E5A4D4 /* SBPlayingAssetsRegister.h */,
				F45A65172117329400E5A4D4 /* SBPlayingAssetsRegister.m */,
				F40427DD169B76CB00B146F7 /* SaveBollywoodView.h */,
				F40427DE169B76CB00B146F7 /* SaveBollywoodView.m */,
				F4B4F904218510FF00C23130 /* SBSettings.h */,
				F4B4F905218510FF00C23130 /* SBSettings.m */,
				5B00000126C0000000000001 /* SBAssetAccess.h */,
				5B00000126C0000000000002 /* SBAssetAccess.m */,
				F40BA60F16BEC6C000154844 /* Configuration */,
				F40427D7169B76CB00B146F7 /* Supporting Files */,
			);
			path = SaveBollywood;
			sourceTree = "<group>";
		};
		F40427D7169B76CB00B146F7 /* Supporting Files */ = {
			isa = PBXGroup;
			children = (
				F40427D8169B76CB00B146F7 /* SaveBollywood-Info.plist */,
				F4066EA5170760EA00EBE7D0 /* thumbnail.png */,
				F4066EA6170760EA00EBE7D0 /* thumbnail@2x.png */,
				F434961916B701B500C549DF /* Localized.strings */,
				F40427DC169B76CB00B146F7 /* SaveBollywood-Prefix.pch */,
			);
			name = "Supporting Files";
			sourceTree = "<group>";
		};
		F40BA60F16BEC6C000154844 /* Configuration */ = {
			isa = PBXGroup;
			children = (
				F40BA61116BEC6D700154844 /* Custom Views */,
				F4015D16169CB3C000560296 /* SBConfigurationWindowController.h */,
				F4015D17169CB3C000560296 /* SBConfigurationWindowController.m */,
				F4DD2A9D16FDBF30002A555F /* SBConfigurationWindowController.xib */,
				F4EF51B916FA281500D1A5C6 /* SBAboutBoxWindowController.h */,
				F4EF51BA16FA281500D1A5C6 /* SBAboutBoxWindowController.m */,
				F4DD2AA416FDBF73002A555F /* SBAboutBoxWindowController.xib */,
			);
			name = Configuration;
			sourceTree = "<group>";
		};
		F40BA61116BEC6D700154844 /* Custom Views */ = {
			isa = PBXGroup;
			children = (
				F4875FC3211A50F1007D8759 /* SBView.h */,
				F4875FC4211A50F1007D8759 /* SBView.m */,
				F4BB43A316BD387100443067 /* SBSecondaryBox.h */,
				F4BB43A416BD387100443067 /* SBSecondaryBox.m */,
				F4BB43AF16BD3A9B00443067 /* SBLightGrayBackgroundView.h */,
				F4BB43B016BD3A9B00443067 /* SBLightGrayBackgroundView.m */,
				F4AB34BC16BED1CF00015DB9 /* SBAssetTableCellView.h */,
				F4AB34BD16BED1CF00015DB9 /* SBAssetTableCellView.m */,
				F405C92E16DC01D700EFDF39 /* SBTokenView.h */,
				F405C92F16DC01D700EFDF39 /* SBTokenView.m */,
				F4B3933116ED43C40061B52E /* SBSlider.h */,
				F4B3933216ED43C40061B52E /* SBSlider.m */,
			);
			name = "Custom Views";
			sourceTree = "<group>";
		};
/* End PBXGroup section */

/* Begin PBXHeadersBuildPhase section */
		F40427C7169B76CB00B146F7 /* Headers */ = {
			isa = PBXHeadersBuildPhase;
			buildActionMask = 2147483647;
			files = (
				F4015D19169CB3C000560296 /* SBConfigurationWindowController.h in Headers */,
				F4015D1F169CB47D00560296 /* SBUserDefaults+Constants.h in Headers */,
				F40B998B16AB1F6200644F61 /* NSColor+String.h in Headers */,
				F4BC1E3816B4936200A580F9 /* NSArray+Shuffle.h in Headers */,
				F4B4F906218510FF00C23130 /* SBSettings.h in Headers */,
				5B00000126C0000000000003 /* SBAssetAccess.h in Headers */,
				F4BB43A516BD387100443067 /* SBSecondaryBox.h in Headers */,
				F4BB43B116BD3A9B00443067 /* SBLightGrayBackgroundView.h in Headers */,
				F4AB34BE16BED1CF00015DB9 /* SBAssetTableCellView.h in Headers */,
				F4B9BCEE16D54A8B00051854 /* NSIndexSet+Analysis.h in Headers */,
				F405C93016DC01D700EFDF39 /* SBTokenView.h in Headers */,
				F4B3933316ED43C40061B52E /* SBSlider.h in Headers */,
				F4875FC5211A50F1007D8759 /* SBView.h in Headers */,
				F45A65182117329400E5A4D4 /* SBPlayingAssetsRegister.h in Headers */,
				F4EF51BC16FA281500D1A5C6 /* SBAboutBoxWindowController.h in Headers */,
			);
			runOnlyForDeploymentPostprocessing = 0;
		};
/* End PBXHeadersBuildPhase section */

/* Begin PBXNativeTarget section */
		F40427CA169B76CB00B146F7 /* SaveBollywood */ = {
			isa = PBXNativeTarget;
			buildConfigurationList = F40427E2169B76CB00B146F7 /* Build configuration list for PBXNativeTarget "SaveBollywood" */;
			buildPhases = (
				F40427C5169B76CB00B146F7 /* Sources */,
				F40427C6169B76CB00B146F7 /* Frameworks */,
				F40427C7169B76CB00B146F7 /* Headers */,
				F40427C8169B76CB00B146F7 /* Resources */,
			);
			buildRules = (
			);
			dependencies = (
			);
			name = SaveBollywood;
			productName = SaveBollywood;
			productReference = F40427CB169B76CB00B146F7 /* SaveBollywood.saver */;
			productType = "com.apple.product-type.bundle";
		};
/* End PBXNativeTarget section */

/* Begin PBXProject section */
		F40427C0169B76CB00B146F7 /* Project object */ = {
			isa = PBXProject;
			attributes = {
				CLASSPREFIX = SB;
				LastUpgradeCheck = 0440;
				ORGANIZATIONNAME = WhiteBox;
			};
			buildConfigurationList = F40427C3169B76CB00B146F7 /* Build configuration list for PBXProject "SaveBollywood" */;
			compatibilityVersion = "Xcode 3.2";
			developmentRegion = English;
			hasScannedForEncodings = 0;
			knownRegions = (
				en,
				fr,
			);
			mainGroup = F40427BE169B76CB00B146F7;
			productRefGroup = F40427CC169B76CB00B146F7 /* Products */;
			projectDirPath = "";
			projectRoot = "";
			targets = (
				F40427CA169B76CB00B146F7 /* SaveBollywood */,
			);
		};
/* End PBXProject section */

/* Begin PBXResourcesBuildPhase section */
		F40427C8169B76CB00B146F7 /* Resources */ = {
			isa = PBXResourcesBuildPhase;
			buildActionMask = 2147483647;
			files = (
				F434961B16B701B500C549DF /* Localized.strings in Resources */,
				F4DD2AA016FDBF30002A555F /* SBConfigurationWindowController.xib in Resources */,
				F4DD2AA516FDBF73002A555F /* SBAboutBoxWindowController.xib in Resources */,
				F4066EA7170760EA00EBE7D0 /* thumbnail.png in Resources */,
				F4066EA8170760EA00EBE7D0 /* thumbnail@2x.png in Resources */,
			);
			runOnlyForDeploymentPostprocessing = 0;
		};
/* End PBXResourcesBuildPhase section */

/* Begin PBXSourcesBuildPhase section */
		F40427C5169B76CB00B146F7 /* Sources */ = {
			isa = PBXSourcesBuildPhase;
			buildActionMask = 2147483647;
			files = (
				F40427DF169B76CB00B146F7 /* SaveBollywoodView.m in Sources */,
				F4015D20169CB47D00560296 /* SBUserDefaults+Constants.m in Sources */,
				F45A65192117329400E5A4D4 /* SBPlayingAssetsRegister.m in Sources */,
				F4875FC6211A50F1007D8759 /* SBView.m in Sources */,
				F4015D1A169CB3C000560296 /* SBConfigurationWindowController.m in Sources */,
				F40B998C16AB1F6200644F61 /* NSColor+String.m in Sources */,
				F4BC1E3916B4936200A580F9 /* NSArray+Shuffle.m in Sources */,
				F4BB43A616BD387100443067 /* SBSecondaryBox.m in Sources */,
				F4B4F907218510FF00C23130 /* SBSettings.m in Sources */,
				5B00000126C0000000000004 /* SBAssetAccess.m in Sources */,
				F4BB43B216BD3A9B00443067 /* SBLightGrayBackgroundView.m in Sources */,
				F4AB34BF16BED1CF00015DB9 /* SBAssetTableCellView.m in Sources */,
				F4B9BCEF16D54A8B00051854 /* NSIndexSet+Analysis.m in Sources */,
				F405C93116DC01D700EFDF39 /* SBTokenView.m in Sources */,
				F4B3933416ED43C40061B52E /* SBSlider.m in Sources */,
				F4EF51BD16FA281500D1A5C6 /* SBAboutBoxWindowController.m in Sources */,
			);
			runOnlyForDeploymentPostprocessing = 0;
		};
/* End PBXSourcesBuildPhase section */

/* Begin PBXVariantGroup section */
		F434961916B701B500C549DF /* Localized.strings */ = {
			isa = PBXVariantGroup;
			children = (
				F434961A16B701B500C549DF /* en */,
				F4121CCC16FD06200059A794 /* fr */,
			);
			name = Localized.strings;
			sourceTree = "<group>";
		};
		F4DD2A9D16FDBF30002A555F /* SBConfigurationWindowController.xib */ = {
			isa = PBXVariantGroup;
			children = (
				F4DD2A9E16FDBF30002A555F /* en */,
				F4DD2AA216FDBF48002A555F /* fr */,
			);
			name = SBConfigurationWindowController.xib;
			sourceTree = "<group>";
		};
/* End PBXVariantGroup section */

/* Begin XCBuildConfiguration section */
		F40427E0169B76CB00B146F7 /* Debug */ = {
			isa = XCBuildConfiguration;
			buildSettings = {
				ALWAYS_SEARCH_USER_PATHS = NO;
				ARCHS = "$(ARCHS_STANDARD)";
				CLANG_CXX_LANGUAGE_STANDARD = "gnu++0x";
				CLANG_WARN__DUPLICATE_METHOD_MATCH = YES;
				CODE_SIGN_IDENTITY = "-";
				COPY_PHASE_STRIP = NO;
				GCC_C_LANGUAGE_STANDARD = gnu99;
				GCC_DYNAMIC_NO_PIC = NO;
				GCC_ENABLE_OBJC_EXCEPTIONS = YES;
				GCC_OPTIMIZATION_LEVEL = 0;
				GCC_PREPROCESSOR_DEFINITIONS = (
					"DEBUG=1",
					"$(inherited)",
				);
				GCC_SYMBOLS_PRIVATE_EXTERN = NO;
				GCC_WARN_64_TO_32_BIT_CONVERSION = YES;
				GCC_WARN_ABOUT_RETURN_TYPE = YES;
				GCC_WARN_UNINITIALIZED_AUTOS = YES;
				GCC_WARN_UNUSED_VARIABLE = YES;
				MACOSX_DEPLOYMENT_TARGET = 26.0;
				ONLY_ACTIVE_ARCH = YES;
				OTHER_LDFLAGS = "-framework UniformTypeIdentifiers";
				SDKROOT = macosx;
			};
			name = Debug;
		};
		F40427E1169B76CB00B146F7 /* Release */ = {
			isa = XCBuildConfiguration;
			buildSettings = {
				ALWAYS_SEARCH_USER_PATHS = NO;
				ARCHS = "$(ARCHS_STANDARD)";
				CLANG_CXX_LANGUAGE_STANDARD = "gnu++0x";
				CLANG_WARN__DUPLICATE_METHOD_MATCH = YES;
				CODE_SIGN_IDENTITY = "-";
				COPY_PHASE_STRIP = YES;
				DEBUG_INFORMATION_FORMAT = "dwarf-with-dsym";
				GCC_C_LANGUAGE_STANDARD = gnu99;
				GCC_ENABLE_OBJC_EXCEPTIONS = YES;
				GCC_WARN_64_TO_32_BIT_CONVERSION = YES;
				GCC_WARN_ABOUT_RETURN_TYPE = YES;
				GCC_WARN_UNINITIALIZED_AUTOS = YES;
				GCC_WARN_UNUSED_VARIABLE = YES;
				MACOSX_DEPLOYMENT_TARGET = 26.0;
				OTHER_LDFLAGS = "-framework UniformTypeIdentifiers";
				SDKROOT = macosx;
			};
			name = Release;
		};
		F40427E3169B76CB00B146F7 /* Debug */ = {
			isa = XCBuildConfiguration;
			buildSettings = {
				COMBINE_HIDPI_IMAGES = YES;
				CURRENT_PROJECT_VERSION = 10;
				GCC_PRECOMPILE_PREFIX_HEADER = YES;
				GCC_PREFIX_HEADER = "SaveBollywood/SaveBollywood-Prefix.pch";
				INFOPLIST_FILE = "SaveBollywood/SaveBollywood-Info.plist";
				INSTALL_PATH = "$(HOME)/Library/Screen Savers";
				PRODUCT_BUNDLE_IDENTIFIER = com.pvinis.SaveBollywood;
				PRODUCT_NAME = "$(TARGET_NAME)";
				SDKROOT = macosx;
				VERSIONING_SYSTEM = "apple-generic";
				WRAPPER_EXTENSION = saver;
			};
			name = Debug;
		};
		F40427E4169B76CB00B146F7 /* Release */ = {
			isa = XCBuildConfiguration;
			buildSettings = {
				COMBINE_HIDPI_IMAGES = YES;
				CURRENT_PROJECT_VERSION = 10;
				GCC_PRECOMPILE_PREFIX_HEADER = YES;
				GCC_PREFIX_HEADER = "SaveBollywood/SaveBollywood-Prefix.pch";
				INFOPLIST_FILE = "SaveBollywood/SaveBollywood-Info.plist";
				INSTALL_PATH = "$(HOME)/Library/Screen Savers";
				PRODUCT_BUNDLE_IDENTIFIER = com.pvinis.SaveBollywood;
				PRODUCT_NAME = "$(TARGET_NAME)";
				SDKROOT = macosx;
				VERSIONING_SYSTEM = "apple-generic";
				WRAPPER_EXTENSION = saver;
			};
			name = Release;
		};
/* End XCBuildConfiguration section */

/* Begin XCConfigurationList section */
		F40427C3169B76CB00B146F7 /* Build configuration list for PBXProject "SaveBollywood" */ = {
			isa = XCConfigurationList;
			buildConfigurations = (
				F40427E0169B76CB00B146F7 /* Debug */,
				F40427E1169B76CB00B146F7 /* Release */,
			);
			defaultConfigurationIsVisible = 0;
			defaultConfigurationName = Release;
		};
		F40427E2169B76CB00B146F7 /* Build configuration list for PBXNativeTarget "SaveBollywood" */ = {
			isa = XCConfigurationList;
			buildConfigurations = (
				F40427E3169B76CB00B146F7 /* Debug */,
				F40427E4169B76CB00B146F7 /* Release */,
			);
			defaultConfigurationIsVisible = 0;
			defaultConfigurationName = Release;
		};
/* End XCConfigurationList section */
	};
	rootObject = F40427C0169B76CB00B146F7 /* Project object */;
}
